
Microsoft Visual Studio Solution File, Format Version 12.00
# Visual Studio Version 16
VisualStudioVersion = 16.0.30523.141
MinimumVisualStudioVersion = 10.0.40219.1
Project("{FAE04EC0-301F-11D3-BF4B-00C04F79EFBC}") = "MySecondSecondSPDVIApp_WindowsFormsApp1", "MySecondSecondSPDVIApp_WindowsFormsApp1\MySecondSecondSPDVIApp_WindowsFormsApp1.csproj", "{F6C9D662-1C95-4F32-9509-40BDC11159D8}"
EndProject
Global
	GlobalSection(SolutionConfigurationPlatforms) = preSolution
		Debug|Any CPU = Debug|Any CPU
		Release|Any CPU = Release|Any CPU
	EndGlobalSection
	GlobalSection(ProjectConfigurationPlatforms) = postSolution
		{F6C9D662-1C95-4F32-9509-40BDC11159D8}.Debug|Any CPU.ActiveCfg = Debug|Any CPU
		{F6C9D662-1C95-4F32-9509-40BDC11159D8}.Debug|Any CPU.Build.0 = Debug|Any CPU
		{F6C9D662-1C95-4F32-9509-40BDC11159D8}.Release|Any CPU.ActiveCfg = Release|Any CPU
		{F6C9D662-1C95-4F32-9509-40BDC11159D8}.Release|Any CPU.Build.0 = Release|Any CPU
	EndGlobalSection
	GlobalSection(SolutionProperties) = preSolution
		HideSolutionNode = FALSE
	EndGlobalSection
	GlobalSection(ExtensibilityGlobals) = postSolution
		SolutionGuid = {E00727B2-E8C2-48D8-9183-A94CE06E2CBF}
	EndGlobalSection
EndGlobal
